
Microsoft Visual Studio Solution File, Format Version 12.00
# Visual Studio Version 17
VisualStudioVersion = 17.6.33927.249
MinimumVisualStudioVersion = 10.0.40219.1
Project("{FAE04EC0-301F-11D3-BF4B-00C04F79EFBC}") = "AcmeCorp.WebApi", "AcmeCorp.WebApi\AcmeCorp.WebApi.csproj", "{88C43BCD-F8E4-4419-8857-961825DC1B5E}"
EndProject
Project("{FAE04EC0-301F-11D3-BF4B-00C04F79EFBC}") = "AcmeCorp.Data.Models", "AcmeCorp.Data.Models\AcmeCorp.Data.Models.csproj", "{426AAF7C-C889-41FE-ACF8-63FF29DE82B7}"
EndProject
Project("{FAE04EC0-301F-11D3-BF4B-00C04F79EFBC}") = "AcmeCorp.Data.Context", "AcmeCorp.Data.Context\AcmeCorp.Data.Context.csproj", "{FCAF9818-0097-480C-A4C2-41953E209729}"
EndProject
Project("{FAE04EC0-301F-11D3-BF4B-00C04F79EFBC}") = "AcmeCorp.Data.Repositories.Interfaces", "AcmeCorp.Data.Repositories.Interfaces\AcmeCorp.Data.Repositories.Interfaces.csproj", "{F496E1F4-253B-4FCE-BBF2-D7A2B24ACC31}"
EndProject
Project("{FAE04EC0-301F-11D3-BF4B-00C04F79EFBC}") = "AcmeCorp.Data.Repositories", "AcmeCorp.Data.Repositories\AcmeCorp.Data.Repositories.csproj", "{A4861DDA-FF62-4E8B-9EFB-E7FCAFBE2504}"
EndProject
Project("{FAE04EC0-301F-11D3-BF4B-00C04F79EFBC}") = "AcmeCorp.Data.Repositories.Mocks", "AcmeCorp.Data.Repositories.Mocks\AcmeCorp.Data.Repositories.Mocks.csproj", "{CA3DC894-F670-4D19-B7DE-DFBFC21EA71E}"
EndProject
Project("{FAE04EC0-301F-11D3-BF4B-00C04F79EFBC}") = "AcmeCorp.WebApi.Tests", "AcmeCorp.WebApi.Tests\AcmeCorp.WebApi.Tests.csproj", "{18E8C3B2-EBB9-4C99-A69E-7CDF7040F86B}"
EndProject
Global
	GlobalSection(SolutionConfigurationPlatforms) = preSolution
		Debug|Any CPU = Debug|Any CPU
		Release|Any CPU = Release|Any CPU
	EndGlobalSection
	GlobalSection(ProjectConfigurationPlatforms) = postSolution
		{88C43BCD-F8E4-4419-8857-961825DC1B5E}.Debug|Any CPU.ActiveCfg = Debug|Any CPU
		{88C43BCD-F8E4-4419-8857-961825DC1B5E}.Debug|Any CPU.Build.0 = Debug|Any CPU
		{88C43BCD-F8E4-4419-8857-961825DC1B5E}.Release|Any CPU.ActiveCfg = Release|Any CPU
		{88C43BCD-F8E4-4419-8857-961825DC1B5E}.Release|Any CPU.Build.0 = Release|Any CPU
		{426AAF7C-C889-41FE-ACF8-63FF29DE82B7}.Debug|Any CPU.ActiveCfg = Debug|Any CPU
		{426AAF7C-C889-41FE-ACF8-63FF29DE82B7}.Debug|Any CPU.Build.0 = Debug|Any CPU
		{426AAF7C-C889-41FE-ACF8-63FF29DE82B7}.Release|Any CPU.ActiveCfg = Release|Any CPU
		{426AAF7C-C889-41FE-ACF8-63FF29DE82B7}.Release|Any CPU.Build.0 = Release|Any CPU
		{FCAF9818-0097-480C-A4C2-41953E209729}.Debug|Any CPU.ActiveCfg = Debug|Any CPU
		{FCAF9818-0097-480C-A4C2-41953E209729}.Debug|Any CPU.Build.0 = Debug|Any CPU
		{FCAF9818-0097-480C-A4C2-41953E209729}.Release|Any CPU.ActiveCfg = Release|Any CPU
		{FCAF9818-0097-480C-A4C2-41953E209729}.Release|Any CPU.Build.0 = Release|Any CPU
		{F496E1F4-253B-4FCE-BBF2-D7A2B24ACC31}.Debug|Any CPU.ActiveCfg = Debug|Any CPU
		{F496E1F4-253B-4FCE-BBF2-D7A2B24ACC31}.Debug|Any CPU.Build.0 = Debug|Any CPU
		{F496E1F4-253B-4FCE-BBF2-D7A2B24ACC31}.Release|Any CPU.ActiveCfg = Release|Any CPU
		{F496E1F4-253B-4FCE-BBF2-D7A2B24ACC31}.Release|Any CPU.Build.0 = Release|Any CPU
		{A4861DDA-FF62-4E8B-9EFB-E7FCAFBE2504}.Debug|Any CPU.ActiveCfg = Debug|Any CPU
		{A4861DDA-FF62-4E8B-9EFB-E7FCAFBE2504}.Debug|Any CPU.Build.0 = Debug|Any CPU
		{A4861DDA-FF62-4E8B-9EFB-E7FCAFBE2504}.Release|Any CPU.ActiveCfg = Release|Any CPU
		{A4861DDA-FF62-4E8B-9EFB-E7FCAFBE2504}.Release|Any CPU.Build.0 = Release|Any CPU
		{CA3DC894-F670-4D19-B7DE-DFBFC21EA71E}.Debug|Any CPU.ActiveCfg = Debug|Any CPU
		{CA3DC894-F670-4D19-B7DE-DFBFC21EA71E}.Debug|Any CPU.Build.0 = Debug|Any CPU
		{CA3DC894-F670-4D19-B7DE-DFBFC21EA71E}.Release|Any CPU.ActiveCfg = Release|Any CPU
		{CA3DC894-F670-4D19-B7DE-DFBFC21EA71E}.Release|Any CPU.Build.0 = Release|Any CPU
		{18E8C3B2-EBB9-4C99-A69E-7CDF7040F86B}.Debug|Any CPU.ActiveCfg = Debug|Any CPU
		{18E8C3B2-EBB9-4C99-A69E-7CDF7040F86B}.Debug|Any CPU.Build.0 = Debug|Any CPU
		{18E8C3B2-EBB9-4C99-A69E-7CDF7040F86B}.Release|Any CPU.ActiveCfg = Release|Any CPU
		{18E8C3B2-EBB9-4C99-A69E-7CDF7040F86B}.Release|Any CPU.Build.0 = Release|Any CPU
	EndGlobalSection
	GlobalSection(SolutionProperties) = preSolution
		HideSolutionNode = FALSE
	EndGlobalSection
	GlobalSection(ExtensibilityGlobals) = postSolution
		SolutionGuid = {FDFD73B5-18AB-4A4A-8CD1-027C18CFF69C}
	EndGlobalSection
EndGlobal
